// !$*UTF8*$!
{
	archiveVersion = 1;
	classes = {
	};
	objectVersion = 50;
	objects = {

/* Begin PBXBuildFile section */
		C4659FF826A41E910082F116 /* LogApp.swift in Sources */ = {isa = PBXBuildFile; fileRef = C4659FF726A41E910082F116 /* LogApp.swift */; };
		C4659FFA26A41E910082F116 /* ContentView.swift in Sources */ = {isa = PBXBuildFile; fileRef = C4659FF926A41E910082F116 /* ContentView.swift */; };
		C4659FFC26A41E960082F116 /* Assets.xcassets in Resources */ = {isa = PBXBuildFile; fileRef = C4659FFB26A41E960082F116 /* Assets.xcassets */; };
		C4659FFF26A41E960082F116 /* Preview Assets.xcassets in Resources */ = {isa = PBXBuildFile; fileRef = C4659FFE26A41E960082F116 /* Preview Assets.xcassets */; };
		C465A00A26A41E970082F116 /* LogTests.swift in Sources */ = {isa = PBXBuildFile; fileRef = C465A00926A41E970082F116 /* LogTests.swift */; };
		C465A01526A41E970082F116 /* LogUITests.swift in Sources */ = {isa = PBXBuildFile; fileRef = C465A01426A41E970082F116 /* LogUITests.swift */; };
/* End PBXBuildFile section */

/* Begin PBXContainerItemProxy section */
		C465A00626A41E970082F116 /* PBXContainerItemProxy */ = {
			isa = PBXContainerItemProxy;
			containerPortal = C4659FEC26A41E910082F116 /* Project object */;
			proxyType = 1;
			remoteGlobalIDString = C4659FF326A41E910082F116;
			remoteInfo = Log;
		};
		C465A01126A41E970082F116 /* PBXContainerItemProxy */ = {
			isa = PBXContainerItemProxy;
			containerPortal = C4659FEC26A41E910082F116 /* Project object */;
			proxyType = 1;
			remoteGlobalIDString = C4659FF326A41E910082F116;
			remoteInfo = Log;
		};
/* End PBXContainerItemProxy section */

/* Begin PBXFileReference section */
		C4659FF426A41E910082F116 /* Log.app */ = {isa = PBXFileReference; explicitFileType = wrapper.application; includeInIndex = 0; path = Log.app; sourceTree = BUILT_PRODUCTS_DIR; };
		C4659FF726A41E910082F116 /* LogApp.swift */ = {isa = PBXFileReference; lastKnownFileType = sourcecode.swift; path = LogApp.swift; sourceTree = "<group>"; };
		C4659FF926A41E910082F116 /* ContentView.swift */ = {isa = PBXFileReference; lastKnownFileType = sourcecode.swift; path = ContentView.swift; sourceTree = "<group>"; };
		C4659FFB26A41E960082F116 /* Assets.xcassets */ = {isa = PBXFileReference; lastKnownFileType = folder.assetcatalog; path = Assets.xcassets; sourceTree = "<group>"; };
		C4659FFE26A41E960082F116 /* Preview Assets.xcassets */ = {isa = PBXFileReference; lastKnownFileType = folder.assetcatalog; path = "Preview Assets.xcassets"; sourceTree = "<group>"; };
		C465A00026A41E960082F116 /* Info.plist */ = {isa = PBXFileReference; lastKnownFileType = text.plist.xml; path = Info.plist; sourceTree = "<group>"; };
		C465A00526A41E970082F116 /* LogTests.xctest */ = {isa = PBXFileReference; explicitFileType = wrapper.cfbundle; includeInIndex = 0; path = LogTests.xctest; sourceTree = BUILT_PRODUCTS_DIR; };
		C465A00926A41E970082F116 /* LogTests.swift */ = {isa = PBXFileReference; lastKnownFileType = sourcecode.swift; path = LogTests.swift; sourceTree = "<group>"; };
		C465A00B26A41E970082F116 /* Info.plist */ = {isa = PBXFileReference; lastKnownFileType = text.plist.xml; path = Info.plist; sourceTree = "<group>"; };
		C465A01026A41E970082F116 /* LogUITests.xctest */ = {isa = PBXFileReference; explicitFileType = wrapper.cfbundle; includeInIndex = 0; path = LogUITests.xctest; sourceTree = BUILT_PRODUCTS_DIR; };
		C465A01426A41E970082F116 /* LogUITests.swift */ = {isa = PBXFileReference; lastKnownFileType = sourcecode.swift; path = LogUITests.swift; sourceTree = "<group>"; };
		C465A01626A41E970082F116 /* Info.plist */ = {isa = PBXFileReference; lastKnownFileType = text.plist.xml; path = Info.plist; sourceTree = "<group>"; };
/* End PBXFileReference section */

/* Begin PBXFrameworksBuildPhase section */
		C4659FF126A41E910082F116 /* Frameworks */ = {
			isa = PBXFrameworksBuildPhase;
			buildActionMask = 2147483647;
			files = (
			);
			runOnlyForDeploymentPostprocessing = 0;
		};
		C465A00226A41E970082F116 /* Frameworks */ = {
			isa = PBXFrameworksBuildPhase;
			buildActionMask = 2147483647;
			files = (
			);
			runOnlyForDeploymentPostprocessing = 0;
		};
		C465A00D26A41E970082F116 /* Frameworks */ = {
			isa = PBXFrameworksBuildPhase;
			buildActionMask = 2147483647;
			files = (
			);
			runOnlyForDeploymentPostprocessing = 0;
		};
/* End PBXFrameworksBuildPhase section */

/* Begin PBXGroup section */
		C4659FEB26A41E910082F116 = {
			isa = PBXGroup;
			children = (
				C4659FF626A41E910082F116 /* Log */,
				C465A00826A41E970082F116 /* LogTests */,
				C465A01326A41E970082F116 /* LogUITests */,
				C4659FF526A41E910082F116 /* Products */,
			);
			sourceTree = "<group>";
		};
		C4659FF526A41E910082F116 /* Products */ = {
			isa = PBXGroup;
			children = (
				C4659FF426A41E910082F116 /* Log.app */,
				C465A00526A41E970082F116 /* LogTests.xctest */,
				C465A01026A41E970082F116 /* LogUITests.xctest */,
			);
			name = Products;
			sourceTree = "<group>";
		};
		C4659FF626A41E910082F116 /* Log */ = {
			isa = PBXGroup;
			children = (
				C4659FF726A41E910082F116 /* LogApp.swift */,
				C4659FF926A41E910082F116 /* ContentView.swift */,
				C4659FFB26A41E960082F116 /* Assets.xcassets */,
				C465A00026A41E960082F116 /* Info.plist */,
				C4659FFD26A41E960082F116 /* Preview Content */,
			);
			path = Log;
			sourceTree = "<group>";
		};
		C4659FFD26A41E960082F116 /* Preview Content */ = {
			isa = PBXGroup;
			children = (
				C4659FFE26A41E960082F116 /* Preview Assets.xcassets */,
			);
			path = "Preview Content";
			sourceTree = "<group>";
		};
		C465A00826A41E970082F116 /* LogTests */ = {
			isa = PBXGroup;
			children = (
				C465A00926A41E970082F116 /* LogTests.swift */,
				C465A00B26A41E970082F116 /* Info.plist */,
			);
			path = LogTests;
			sourceTree = "<group>";
		};
		C465A01326A41E970082F116 /* LogUITests */ = {
			isa = PBXGroup;
			children = (
				C465A01426A41E970082F116 /* LogUITests.swift */,
				C465A01626A41E970082F116 /* Info.plist */,
			);
			path = LogUITests;
			sourceTree = "<group>";
		};
/* End PBXGroup section */

/* Begin PBXLegacyTarget section */
		C465A18F26A428FE0082F116 /* Swiftlint */ = {
			isa = PBXLegacyTarget;
			buildArgumentsString = "";
			buildConfigurationList = C465A19226A428FE0082F116 /* Build configuration list for PBXLegacyTarget "Swiftlint" */;
			buildPhases = (
			);
			buildToolPath = ./tools/portable_swiftlint/swiftlint;
			buildWorkingDirectory = ../;
			dependencies = (
			);
			name = Swiftlint;
			passBuildSettingsInEnvironment = 1;
			productName = Swiftlint;
		};
/* End PBXLegacyTarget section */

/* Begin PBXNativeTarget section */
		C4659FF326A41E910082F116 /* Log */ = {
			isa = PBXNativeTarget;
			buildConfigurationList = C465A01926A41E970082F116 /* Build configuration list for PBXNativeTarget "Log" */;
			buildPhases = (
				C4659FF026A41E910082F116 /* Sources */,
				C4659FF126A41E910082F116 /* Frameworks */,
				C4659FF226A41E910082F116 /* Resources */,
			);
			buildRules = (
			);
			dependencies = (
			);
			name = Log;
			productName = Log;
			productReference = C4659FF426A41E910082F116 /* Log.app */;
			productType = "com.apple.product-type.application";
		};
		C465A00426A41E970082F116 /* LogTests */ = {
			isa = PBXNativeTarget;
			buildConfigurationList = C465A01C26A41E970082F116 /* Build configuration list for PBXNativeTarget "LogTests" */;
			buildPhases = (
				C465A00126A41E970082F116 /* Sources */,
				C465A00226A41E970082F116 /* Frameworks */,
				C465A00326A41E970082F116 /* Resources */,
			);
			buildRules = (
			);
			dependencies = (
				C465A00726A41E970082F116 /* PBXTargetDependency */,
			);
			name = LogTests;
			productName = LogTests;
			productReference = C465A00526A41E970082F116 /* LogTests.xctest */;
			productType = "com.apple.product-type.bundle.unit-test";
		};
		C465A00F26A41E970082F116 /* LogUITests */ = {
			isa = PBXNativeTarget;
			buildConfigurationList = C465A01F26A41E970082F116 /* Build configuration list for PBXNativeTarget "LogUITests" */;
			buildPhases = (
				C465A00C26A41E970082F116 /* Sources */,
				C465A00D26A41E970082F116 /* Frameworks */,
				C465A00E26A41E970082F116 /* Resources */,
			);
			buildRules = (
			);
			dependencies = (
				C465A01226A41E970082F116 /* PBXTargetDependency */,
			);
			name = LogUITests;
			productName = LogUITests;
			productReference = C465A01026A41E970082F116 /* LogUITests.xctest */;
			productType = "com.apple.product-type.bundle.ui-testing";
		};
/* End PBXNativeTarget section */

/* Begin PBXProject section */
		C4659FEC26A41E910082F116 /* Project object */ = {
			isa = PBXProject;
			attributes = {
				LastSwiftUpdateCheck = 1250;
				LastUpgradeCheck = 1250;
				TargetAttributes = {
					C4659FF326A41E910082F116 = {
						CreatedOnToolsVersion = 12.5.1;
					};
					C465A00426A41E970082F116 = {
						CreatedOnToolsVersion = 12.5.1;
						TestTargetID = C4659FF326A41E910082F116;
					};
					C465A00F26A41E970082F116 = {
						CreatedOnToolsVersion = 12.5.1;
						TestTargetID = C4659FF326A41E910082F116;
					};
					C465A18F26A428FE0082F116 = {
						CreatedOnToolsVersion = 12.5.1;
					};
				};
			};
			buildConfigurationList = C4659FEF26A41E910082F116 /* Build configuration list for PBXProject "Log" */;
			compatibilityVersion = "Xcode 9.3";
			developmentRegion = en;
			hasScannedForEncodings = 0;
			knownRegions = (
				en,
				Base,
			);
			mainGroup = C4659FEB26A41E910082F116;
			productRefGroup = C4659FF526A41E910082F116 /* Products */;
			projectDirPath = "";
			projectRoot = "";
			targets = (
				C4659FF326A41E910082F116 /* Log */,
				C465A00426A41E970082F116 /* LogTests */,
				C465A00F26A41E970082F116 /* LogUITests */,
				C465A18F26A428FE0082F116 /* Swiftlint */,
			);
		};
/* End PBXProject section */

/* Begin PBXResourcesBuildPhase section */
		C4659FF226A41E910082F116 /* Resources */ = {
			isa = PBXResourcesBuildPhase;
			buildActionMask = 2147483647;
			files = (
				C4659FFF26A41E960082F116 /* Preview Assets.xcassets in Resources */,
				C4659FFC26A41E960082F116 /* Assets.xcassets in Resources */,
			);
			runOnlyForDeploymentPostprocessing = 0;
		};
		C465A00326A41E970082F116 /* Resources */ = {
			isa = PBXResourcesBuildPhase;
			buildActionMask = 2147483647;
			files = (
			);
			runOnlyForDeploymentPostprocessing = 0;
		};
		C465A00E26A41E970082F116 /* Resources */ = {
			isa = PBXResourcesBuildPhase;
			buildActionMask = 2147483647;
			files = (
			);
			runOnlyForDeploymentPostprocessing = 0;
		};
/* End PBXResourcesBuildPhase section */

/* Begin PBXSourcesBuildPhase section */
		C4659FF026A41E910082F116 /* Sources */ = {
			isa = PBXSourcesBuildPhase;
			buildActionMask = 2147483647;
			files = (
				C4659FFA26A41E910082F116 /* ContentView.swift in Sources */,
				C4659FF826A41E910082F116 /* LogApp.swift in Sources */,
			);
			runOnlyForDeploymentPostprocessing = 0;
		};
		C465A00126A41E970082F116 /* Sources */ = {
			isa = PBXSourcesBuildPhase;
			buildActionMask = 2147483647;
			files = (
				C465A00A26A41E970082F116 /* LogTests.swift in Sources */,
			);
			runOnlyForDeploymentPostprocessing = 0;
		};
		C465A00C26A41E970082F116 /* Sources */ = {
			isa = PBXSourcesBuildPhase;
			buildActionMask = 2147483647;
			files = (
				C465A01526A41E970082F116 /* LogUITests.swift in Sources */,
			);
			runOnlyForDeploymentPostprocessing = 0;
		};
/* End PBXSourcesBuildPhase section */

/* Begin PBXTargetDependency section */
		C465A00726A41E970082F116 /* PBXTargetDependency */ = {
			isa = PBXTargetDependency;
			target = C4659FF326A41E910082F116 /* Log */;
			targetProxy = C465A00626A41E970082F116 /* PBXContainerItemProxy */;
		};
		C465A01226A41E970082F116 /* PBXTargetDependency */ = {
			isa = PBXTargetDependency;
			target = C4659FF326A41E910082F116 /* Log */;
			targetProxy = C465A01126A41E970082F116 /* PBXContainerItemProxy */;
		};
/* End PBXTargetDependency section */

/* Begin XCBuildConfiguration section */
		C465A01726A41E970082F116 /* Debug */ = {
			isa = XCBuildConfiguration;
			buildSettings = {
				ALWAYS_SEARCH_USER_PATHS = NO;
				CLANG_ANALYZER_NONNULL = YES;
				CLANG_ANALYZER_NUMBER_OBJECT_CONVERSION = YES_AGGRESSIVE;
				CLANG_CXX_LANGUAGE_STANDARD = "gnu++14";
				CLANG_CXX_LIBRARY = "libc++";
				CLANG_ENABLE_MODULES = YES;
				CLANG_ENABLE_OBJC_ARC = YES;
				CLANG_ENABLE_OBJC_WEAK = YES;
				CLANG_WARN_BLOCK_CAPTURE_AUTORELEASING = YES;
				CLANG_WARN_BOOL_CONVERSION = YES;
				CLANG_WARN_COMMA = YES;
				CLANG_WARN_CONSTANT_CONVERSION = YES;
				CLANG_WARN_DEPRECATED_OBJC_IMPLEMENTATIONS = YES;
				CLANG_WARN_DIRECT_OBJC_ISA_USAGE = YES_ERROR;
				CLANG_WARN_DOCUMENTATION_COMMENTS = YES;
				CLANG_WARN_EMPTY_BODY = YES;
				CLANG_WARN_ENUM_CONVERSION = YES;
				CLANG_WARN_INFINITE_RECURSION = YES;
				CLANG_WARN_INT_CONVERSION = YES;
				CLANG_WARN_NON_LITERAL_NULL_CONVERSION = YES;
				CLANG_WARN_OBJC_IMPLICIT_RETAIN_SELF = YES;
				CLANG_WARN_OBJC_LITERAL_CONVERSION = YES;
				CLANG_WARN_OBJC_ROOT_CLASS = YES_ERROR;
				CLANG_WARN_QUOTED_INCLUDE_IN_FRAMEWORK_HEADER = YES;
				CLANG_WARN_RANGE_LOOP_ANALYSIS = YES;
				CLANG_WARN_STRICT_PROTOTYPES = YES;
				CLANG_WARN_SUSPICIOUS_MOVE = YES;
				CLANG_WARN_UNGUARDED_AVAILABILITY = YES_AGGRESSIVE;
				CLANG_WARN_UNREACHABLE_CODE = YES;
				CLANG_WARN__DUPLICATE_METHOD_MATCH = YES;
				COPY_PHASE_STRIP = NO;
				DEBUG_INFORMATION_FORMAT = dwarf;
				ENABLE_STRICT_OBJC_MSGSEND = YES;
				ENABLE_TESTABILITY = YES;
				GCC_C_LANGUAGE_STANDARD = gnu11;
				GCC_DYNAMIC_NO_PIC = NO;
				GCC_NO_COMMON_BLOCKS = YES;
				GCC_OPTIMIZATION_LEVEL = 0;
				GCC_PREPROCESSOR_DEFINITIONS = (
					"DEBUG=1",
					"$(inherited)",
				);
				GCC_WARN_64_TO_32_BIT_CONVERSION = YES;
				GCC_WARN_ABOUT_RETURN_TYPE = YES_ERROR;
				GCC_WARN_UNDECLARED_SELECTOR = YES;
				GCC_WARN_UNINITIALIZED_AUTOS = YES_AGGRESSIVE;
				GCC_WARN_UNUSED_FUNCTION = YES;
				GCC_WARN_UNUSED_VARIABLE = YES;
				IPHONEOS_DEPLOYMENT_TARGET = 14.5;
				MTL_ENABLE_DEBUG_INFO = INCLUDE_SOURCE;
				MTL_FAST_MATH = YES;
				ONLY_ACTIVE_ARCH = YES;
				SDKROOT = iphoneos;
				SWIFT_ACTIVE_COMPILATION_CONDITIONS = DEBUG;
				SWIFT_OPTIMIZATION_LEVEL = "-Onone";
			};
			name = Debug;
		};
		C465A01826A41E970082F116 /* Release */ = {
			isa = XCBuildConfiguration;
			buildSettings = {
				ALWAYS_SEARCH_USER_PATHS = NO;
				CLANG_ANALYZER_NONNULL = YES;
				CLANG_ANALYZER_NUMBER_OBJECT_CONVERSION = YES_AGGRESSIVE;
				CLANG_CXX_LANGUAGE_STANDARD = "gnu++14";
				CLANG_CXX_LIBRARY = "libc++";
				CLANG_ENABLE_MODULES = YES;
				CLANG_ENABLE_OBJC_ARC = YES;
				CLANG_ENABLE_OBJC_WEAK = YES;
				CLANG_WARN_BLOCK_CAPTURE_AUTORELEASING = YES;
				CLANG_WARN_BOOL_CONVERSION = YES;
				CLANG_WARN_COMMA = YES;
				CLANG_WARN_CONSTANT_CONVERSION = YES;
				CLANG_WARN_DEPRECATED_OBJC_IMPLEMENTATIONS = YES;
				CLANG_WARN_DIRECT_OBJC_ISA_USAGE = YES_ERROR;
				CLANG_WARN_DOCUMENTATION_COMMENTS = YES;
				CLANG_WARN_EMPTY_BODY = YES;
				CLANG_WARN_ENUM_CONVERSION = YES;
				CLANG_WARN_INFINITE_RECURSION = YES;
				CLANG_WARN_INT_CONVERSION = YES;
				CLANG_WARN_NON_LITERAL_NULL_CONVERSION = YES;
				CLANG_WARN_OBJC_IMPLICIT_RETAIN_SELF = YES;
				CLANG_WARN_OBJC_LITERAL_CONVERSION = YES;
				CLANG_WARN_OBJC_ROOT_CLASS = YES_ERROR;
				CLANG_WARN_QUOTED_INCLUDE_IN_FRAMEWORK_HEADER = YES;
				CLANG_WARN_RANGE_LOOP_ANALYSIS = YES;
				CLANG_WARN_STRICT_PROTOTYPES = YES;
				CLANG_WARN_SUSPICIOUS_MOVE = YES;
				CLANG_WARN_UNGUARDED_AVAILABILITY = YES_AGGRESSIVE;
				CLANG_WARN_UNREACHABLE_CODE = YES;
				CLANG_WARN__DUPLICATE_METHOD_MATCH = YES;
				COPY_PHASE_STRIP = NO;
				DEBUG_INFORMATION_FORMAT = "dwarf-with-dsym";
				ENABLE_NS_ASSERTIONS = NO;
				ENABLE_STRICT_OBJC_MSGSEND = YES;
				GCC_C_LANGUAGE_STANDARD = gnu11;
				GCC_NO_COMMON_BLOCKS = YES;
				GCC_WARN_64_TO_32_BIT_CONVERSION = YES;
				GCC_WARN_ABOUT_RETURN_TYPE = YES_ERROR;
				GCC_WARN_UNDECLARED_SELECTOR = YES;
				GCC_WARN_UNINITIALIZED_AUTOS = YES_AGGRESSIVE;
				GCC_WARN_UNUSED_FUNCTION = YES;
				GCC_WARN_UNUSED_VARIABLE = YES;
				IPHONEOS_DEPLOYMENT_TARGET = 14.5;
				MTL_ENABLE_DEBUG_INFO = NO;
				MTL_FAST_MATH = YES;
				SDKROOT = iphoneos;
				SWIFT_COMPILATION_MODE = wholemodule;
				SWIFT_OPTIMIZATION_LEVEL = "-O";
				VALIDATE_PRODUCT = YES;
			};
			name = Release;
		};
		C465A01A26A41E970082F116 /* Debug */ = {
			isa = XCBuildConfiguration;
			buildSettings = {
				ASSETCATALOG_COMPILER_APPICON_NAME = AppIcon;
				ASSETCATALOG_COMPILER_GLOBAL_ACCENT_COLOR_NAME = AccentColor;
				CODE_SIGN_STYLE = Automatic;
				DEVELOPMENT_ASSET_PATHS = "\"Log/Preview Content\"";
				DEVELOPMENT_TEAM = 45WDCQN3U5;
				ENABLE_PREVIEWS = YES;
				INFOPLIST_FILE = Log/Info.plist;
				IPHONEOS_DEPLOYMENT_TARGET = 14.0;
				LD_RUNPATH_SEARCH_PATHS = (
					"$(inherited)",
					"@executable_path/Frameworks",
				);
				PRODUCT_BUNDLE_IDENTIFIER = com.furryfiesta.log;
				PRODUCT_NAME = "$(TARGET_NAME)";
				SWIFT_VERSION = 5.0;
				TARGETED_DEVICE_FAMILY = "1,2";
			};
			name = Debug;
		};
		C465A01B26A41E970082F116 /* Release */ = {
			isa = XCBuildConfiguration;
			buildSettings = {
				ASSETCATALOG_COMPILER_APPICON_NAME = AppIcon;
				ASSETCATALOG_COMPILER_GLOBAL_ACCENT_COLOR_NAME = AccentColor;
				CODE_SIGN_STYLE = Automatic;
				DEVELOPMENT_ASSET_PATHS = "\"Log/Preview Content\"";
				DEVELOPMENT_TEAM = 45WDCQN3U5;
				ENABLE_PREVIEWS = YES;
				INFOPLIST_FILE = Log/Info.plist;
				IPHONEOS_DEPLOYMENT_TARGET = 14.0;
				LD_RUNPATH_SEARCH_PATHS = (
					"$(inherited)",
					"@executable_path/Frameworks",
				);
				PRODUCT_BUNDLE_IDENTIFIER = com.furryfiesta.log;
				PRODUCT_NAME = "$(TARGET_NAME)";
				SWIFT_VERSION = 5.0;
				TARGETED_DEVICE_FAMILY = "1,2";
			};
			name = Release;
		};
		C465A01D26A41E970082F116 /* Debug */ = {
			isa = XCBuildConfiguration;
			buildSettings = {
				ALWAYS_EMBED_SWIFT_STANDARD_LIBRARIES = YES;
				BUNDLE_LOADER = "$(TEST_HOST)";
				CODE_SIGN_STYLE = Automatic;
				DEVELOPMENT_TEAM = 45WDCQN3U5;
				INFOPLIST_FILE = LogTests/Info.plist;
				IPHONEOS_DEPLOYMENT_TARGET = 14.0;
				LD_RUNPATH_SEARCH_PATHS = (
					"$(inherited)",
					"@executable_path/Frameworks",
					"@loader_path/Frameworks",
				);
				PRODUCT_BUNDLE_IDENTIFIER = com.furryfiesta.LogTests;
				PRODUCT_NAME = "$(TARGET_NAME)";
				SWIFT_VERSION = 5.0;
				TARGETED_DEVICE_FAMILY = "1,2";
				TEST_HOST = "$(BUILT_PRODUCTS_DIR)/Log.app/Log";
			};
			name = Debug;
		};
		C465A01E26A41E970082F116 /* Release */ = {
			isa = XCBuildConfiguration;
			buildSettings = {
				ALWAYS_EMBED_SWIFT_STANDARD_LIBRARIES = YES;
				BUNDLE_LOADER = "$(TEST_HOST)";
				CODE_SIGN_STYLE = Automatic;
				DEVELOPMENT_TEAM = 45WDCQN3U5;
				INFOPLIST_FILE = LogTests/Info.plist;
				IPHONEOS_DEPLOYMENT_TARGET = 14.0;
				LD_RUNPATH_SEARCH_PATHS = (
					"$(inherited)",
					"@executable_path/Frameworks",
					"@loader_path/Frameworks",
				);
				PRODUCT_BUNDLE_IDENTIFIER = com.furryfiesta.LogTests;
				PRODUCT_NAME = "$(TARGET_NAME)";
				SWIFT_VERSION = 5.0;
				TARGETED_DEVICE_FAMILY = "1,2";
				TEST_HOST = "$(BUILT_PRODUCTS_DIR)/Log.app/Log";
			};
			name = Release;
		};
		C465A02026A41E970082F116 /* Debug */ = {
			isa = XCBuildConfiguration;
			buildSettings = {
				ALWAYS_EMBED_SWIFT_STANDARD_LIBRARIES = YES;
				CODE_SIGN_STYLE = Automatic;
				DEVELOPMENT_TEAM = 45WDCQN3U5;
				INFOPLIST_FILE = LogUITests/Info.plist;
				LD_RUNPATH_SEARCH_PATHS = (
					"$(inherited)",
					"@executable_path/Frameworks",
					"@loader_path/Frameworks",
				);
				PRODUCT_BUNDLE_IDENTIFIER = com.furryfiesta.LogUITests;
				PRODUCT_NAME = "$(TARGET_NAME)";
				SWIFT_VERSION = 5.0;
				TARGETED_DEVICE_FAMILY = "1,2";
				TEST_TARGET_NAME = Log;
			};
			name = Debug;
		};
		C465A02126A41E970082F116 /* Release */ = {
			isa = XCBuildConfiguration;
			buildSettings = {
				ALWAYS_EMBED_SWIFT_STANDARD_LIBRARIES = YES;
				CODE_SIGN_STYLE = Automatic;
				DEVELOPMENT_TEAM = 45WDCQN3U5;
				INFOPLIST_FILE = LogUITests/Info.plist;
				LD_RUNPATH_SEARCH_PATHS = (
					"$(inherited)",
					"@executable_path/Frameworks",
					"@loader_path/Frameworks",
				);
				PRODUCT_BUNDLE_IDENTIFIER = com.furryfiesta.LogUITests;
				PRODUCT_NAME = "$(TARGET_NAME)";
				SWIFT_VERSION = 5.0;
				TARGETED_DEVICE_FAMILY = "1,2";
				TEST_TARGET_NAME = Log;
			};
			name = Release;
		};
		C465A19026A428FE0082F116 /* Debug */ = {
			isa = XCBuildConfiguration;
			buildSettings = {
				CODE_SIGN_STYLE = Automatic;
			};
			name = Debug;
		};
		C465A19126A428FE0082F116 /* Release */ = {
			isa = XCBuildConfiguration;
			buildSettings = {
				CODE_SIGN_STYLE = Automatic;
			};
			name = Release;
		};
/* End XCBuildConfiguration section */

/* Begin XCConfigurationList section */
		C4659FEF26A41E910082F116 /* Build configuration list for PBXProject "Log" */ = {
			isa = XCConfigurationList;
			buildConfigurations = (
				C465A01726A41E970082F116 /* Debug */,
				C465A01826A41E970082F116 /* Release */,
			);
			defaultConfigurationIsVisible = 0;
			defaultConfigurationName = Release;
		};
		C465A01926A41E970082F116 /* Build configuration list for PBXNativeTarget "Log" */ = {
			isa = XCConfigurationList;
			buildConfigurations = (
				C465A01A26A41E970082F116 /* Debug */,
				C465A01B26A41E970082F116 /* Release */,
			);
			defaultConfigurationIsVisible = 0;
			defaultConfigurationName = Release;
		};
		C465A01C26A41E970082F116 /* Build configuration list for PBXNativeTarget "LogTests" */ = {
			isa = XCConfigurationList;
			buildConfigurations = (
				C465A01D26A41E970082F116 /* Debug */,
				C465A01E26A41E970082F116 /* Release */,
			);
			defaultConfigurationIsVisible = 0;
			defaultConfigurationName = Release;
		};
		C465A01F26A41E970082F116 /* Build configuration list for PBXNativeTarget "LogUITests" */ = {
			isa = XCConfigurationList;
			buildConfigurations = (
				C465A02026A41E970082F116 /* Debug */,
				C465A02126A41E970082F116 /* Release */,
			);
			defaultConfigurationIsVisible = 0;
			defaultConfigurationName = Release;
		};
		C465A19226A428FE0082F116 /* Build configuration list for PBXLegacyTarget "Swiftlint" */ = {
			isa = XCConfigurationList;
			buildConfigurations = (
				C465A19026A428FE0082F116 /* Debug */,
				C465A19126A428FE0082F116 /* Release */,
			);
			defaultConfigurationIsVisible = 0;
			defaultConfigurationName = Release;
		};
/* End XCConfigurationList section */
	};
	rootObject = C4659FEC26A41E910082F116 /* Project object */;
}
