// !$*UTF8*$!
{
	archiveVersion = 1;
	classes = {
	};
	objectVersion = 55;
	objects = {

/* Begin PBXBuildFile section */
		C4A4E466283A9E65001CA060 /* LogIOSTests.swift in Sources */ = {isa = PBXBuildFile; fileRef = C4A4E465283A9E65001CA060 /* LogIOSTests.swift */; };
		C4A4E468283A9E83001CA060 /* LogMACOSTests.swift in Sources */ = {isa = PBXBuildFile; fileRef = C4A4E467283A9E83001CA060 /* LogMACOSTests.swift */; };
		E25E254027C23E1E00A0CCDA /* LogApp.swift in Sources */ = {isa = PBXBuildFile; fileRef = E25E251827C23E1D00A0CCDA /* LogApp.swift */; };
		E25E254127C23E1E00A0CCDA /* LogApp.swift in Sources */ = {isa = PBXBuildFile; fileRef = E25E251827C23E1D00A0CCDA /* LogApp.swift */; };
		E25E254227C23E1E00A0CCDA /* ContentView.swift in Sources */ = {isa = PBXBuildFile; fileRef = E25E251927C23E1D00A0CCDA /* ContentView.swift */; };
		E25E254327C23E1E00A0CCDA /* ContentView.swift in Sources */ = {isa = PBXBuildFile; fileRef = E25E251927C23E1D00A0CCDA /* ContentView.swift */; };
		E25E254427C23E1E00A0CCDA /* Assets.xcassets in Resources */ = {isa = PBXBuildFile; fileRef = E25E251A27C23E1E00A0CCDA /* Assets.xcassets */; };
		E25E254527C23E1E00A0CCDA /* Assets.xcassets in Resources */ = {isa = PBXBuildFile; fileRef = E25E251A27C23E1E00A0CCDA /* Assets.xcassets */; };
/* End PBXBuildFile section */

/* Begin PBXContainerItemProxy section */
		E25E252D27C23E1E00A0CCDA /* PBXContainerItemProxy */ = {
			isa = PBXContainerItemProxy;
			containerPortal = E25E251327C23E1D00A0CCDA /* Project object */;
			proxyType = 1;
			remoteGlobalIDString = E25E251E27C23E1E00A0CCDA;
			remoteInfo = "Log (iOS)";
		};
		E25E253927C23E1E00A0CCDA /* PBXContainerItemProxy */ = {
			isa = PBXContainerItemProxy;
			containerPortal = E25E251327C23E1D00A0CCDA /* Project object */;
			proxyType = 1;
			remoteGlobalIDString = E25E252427C23E1E00A0CCDA;
			remoteInfo = "Log (macOS)";
		};
/* End PBXContainerItemProxy section */

/* Begin PBXFileReference section */
		C4A4E44E283A94C2001CA060 /* Log-(iOS)-Release.xcconfig */ = {isa = PBXFileReference; lastKnownFileType = text.xcconfig; path = "Log-(iOS)-Release.xcconfig"; sourceTree = "<group>"; };
		C4A4E44F283A94C2001CA060 /* Log-(iOS)-Shared.xcconfig */ = {isa = PBXFileReference; lastKnownFileType = text.xcconfig; path = "Log-(iOS)-Shared.xcconfig"; sourceTree = "<group>"; };
		C4A4E450283A94C2001CA060 /* Lint-Debug.xcconfig */ = {isa = PBXFileReference; lastKnownFileType = text.xcconfig; path = "Lint-Debug.xcconfig"; sourceTree = "<group>"; };
		C4A4E451283A94C2001CA060 /* Tests-iOS-Release.xcconfig */ = {isa = PBXFileReference; lastKnownFileType = text.xcconfig; path = "Tests-iOS-Release.xcconfig"; sourceTree = "<group>"; };
		C4A4E452283A94C2001CA060 /* Tests-macOS-Release.xcconfig */ = {isa = PBXFileReference; lastKnownFileType = text.xcconfig; path = "Tests-macOS-Release.xcconfig"; sourceTree = "<group>"; };
		C4A4E453283A94C2001CA060 /* Project-Release.xcconfig */ = {isa = PBXFileReference; lastKnownFileType = text.xcconfig; path = "Project-Release.xcconfig"; sourceTree = "<group>"; };
		C4A4E454283A94C2001CA060 /* Tests-macOS-Shared.xcconfig */ = {isa = PBXFileReference; lastKnownFileType = text.xcconfig; path = "Tests-macOS-Shared.xcconfig"; sourceTree = "<group>"; };
		C4A4E455283A94C2001CA060 /* Log-(macOS)-Shared.xcconfig */ = {isa = PBXFileReference; lastKnownFileType = text.xcconfig; path = "Log-(macOS)-Shared.xcconfig"; sourceTree = "<group>"; };
		C4A4E456283A94C2001CA060 /* Log-(iOS)-Debug.xcconfig */ = {isa = PBXFileReference; lastKnownFileType = text.xcconfig; path = "Log-(iOS)-Debug.xcconfig"; sourceTree = "<group>"; };
		C4A4E457283A94C2001CA060 /* Tests-iOS-Shared.xcconfig */ = {isa = PBXFileReference; lastKnownFileType = text.xcconfig; path = "Tests-iOS-Shared.xcconfig"; sourceTree = "<group>"; };
		C4A4E458283A94C2001CA060 /* Project-Shared.xcconfig */ = {isa = PBXFileReference; lastKnownFileType = text.xcconfig; path = "Project-Shared.xcconfig"; sourceTree = "<group>"; };
		C4A4E459283A94C2001CA060 /* Tests-iOS-Debug.xcconfig */ = {isa = PBXFileReference; lastKnownFileType = text.xcconfig; path = "Tests-iOS-Debug.xcconfig"; sourceTree = "<group>"; };
		C4A4E45A283A94C2001CA060 /* Log-(macOS)-Release.xcconfig */ = {isa = PBXFileReference; lastKnownFileType = text.xcconfig; path = "Log-(macOS)-Release.xcconfig"; sourceTree = "<group>"; };
		C4A4E45B283A94C2001CA060 /* Lint-Shared.xcconfig */ = {isa = PBXFileReference; lastKnownFileType = text.xcconfig; path = "Lint-Shared.xcconfig"; sourceTree = "<group>"; };
		C4A4E45C283A94C2001CA060 /* Lint-Release.xcconfig */ = {isa = PBXFileReference; lastKnownFileType = text.xcconfig; path = "Lint-Release.xcconfig"; sourceTree = "<group>"; };
		C4A4E45D283A94C2001CA060 /* Log-(macOS)-Debug.xcconfig */ = {isa = PBXFileReference; lastKnownFileType = text.xcconfig; path = "Log-(macOS)-Debug.xcconfig"; sourceTree = "<group>"; };
		C4A4E45E283A94C2001CA060 /* Project-Debug.xcconfig */ = {isa = PBXFileReference; lastKnownFileType = text.xcconfig; path = "Project-Debug.xcconfig"; sourceTree = "<group>"; };
		C4A4E45F283A94C2001CA060 /* Tests-macOS-Debug.xcconfig */ = {isa = PBXFileReference; lastKnownFileType = text.xcconfig; path = "Tests-macOS-Debug.xcconfig"; sourceTree = "<group>"; };
		C4A4E464283A9E16001CA060 /* Log-iOS.xctestplan */ = {isa = PBXFileReference; lastKnownFileType = text; path = "Log-iOS.xctestplan"; sourceTree = "<group>"; };
		C4A4E465283A9E65001CA060 /* LogIOSTests.swift */ = {isa = PBXFileReference; lastKnownFileType = sourcecode.swift; path = LogIOSTests.swift; sourceTree = "<group>"; };
		C4A4E467283A9E83001CA060 /* LogMACOSTests.swift */ = {isa = PBXFileReference; lastKnownFileType = sourcecode.swift; path = LogMACOSTests.swift; sourceTree = "<group>"; };
		C4A4E469283A9EAF001CA060 /* Log-macOS.xctestplan */ = {isa = PBXFileReference; lastKnownFileType = text; path = "Log-macOS.xctestplan"; sourceTree = "<group>"; };
		E25E251827C23E1D00A0CCDA /* LogApp.swift */ = {isa = PBXFileReference; lastKnownFileType = sourcecode.swift; path = LogApp.swift; sourceTree = "<group>"; };
		E25E251927C23E1D00A0CCDA /* ContentView.swift */ = {isa = PBXFileReference; lastKnownFileType = sourcecode.swift; path = ContentView.swift; sourceTree = "<group>"; };
		E25E251A27C23E1E00A0CCDA /* Assets.xcassets */ = {isa = PBXFileReference; lastKnownFileType = folder.assetcatalog; path = Assets.xcassets; sourceTree = "<group>"; };
		E25E251F27C23E1E00A0CCDA /* Log.app */ = {isa = PBXFileReference; explicitFileType = wrapper.application; includeInIndex = 0; path = Log.app; sourceTree = BUILT_PRODUCTS_DIR; };
		E25E252527C23E1E00A0CCDA /* Log.app */ = {isa = PBXFileReference; explicitFileType = wrapper.application; includeInIndex = 0; path = Log.app; sourceTree = BUILT_PRODUCTS_DIR; };
		E25E252727C23E1E00A0CCDA /* macOS.entitlements */ = {isa = PBXFileReference; lastKnownFileType = text.plist.entitlements; path = macOS.entitlements; sourceTree = "<group>"; };
		E25E252C27C23E1E00A0CCDA /* Tests iOS.xctest */ = {isa = PBXFileReference; explicitFileType = wrapper.cfbundle; includeInIndex = 0; path = "Tests iOS.xctest"; sourceTree = BUILT_PRODUCTS_DIR; };
		E25E253827C23E1E00A0CCDA /* Tests macOS.xctest */ = {isa = PBXFileReference; explicitFileType = wrapper.cfbundle; includeInIndex = 0; path = "Tests macOS.xctest"; sourceTree = BUILT_PRODUCTS_DIR; };
		E25E255427C23FF500A0CCDA /* iOS-Info.plist */ = {isa = PBXFileReference; lastKnownFileType = text.plist.xml; path = "iOS-Info.plist"; sourceTree = "<group>"; };
		E25E255627C2415200A0CCDA /* macOS-Info.plist */ = {isa = PBXFileReference; lastKnownFileType = text.plist.xml; path = "macOS-Info.plist"; sourceTree = "<group>"; };
/* End PBXFileReference section */

/* Begin PBXFrameworksBuildPhase section */
		E25E251C27C23E1E00A0CCDA /* Frameworks */ = {
			isa = PBXFrameworksBuildPhase;
			buildActionMask = 2147483647;
			files = (
			);
			runOnlyForDeploymentPostprocessing = 0;
		};
		E25E252227C23E1E00A0CCDA /* Frameworks */ = {
			isa = PBXFrameworksBuildPhase;
			buildActionMask = 2147483647;
			files = (
			);
			runOnlyForDeploymentPostprocessing = 0;
		};
		E25E252927C23E1E00A0CCDA /* Frameworks */ = {
			isa = PBXFrameworksBuildPhase;
			buildActionMask = 2147483647;
			files = (
			);
			runOnlyForDeploymentPostprocessing = 0;
		};
		E25E253527C23E1E00A0CCDA /* Frameworks */ = {
			isa = PBXFrameworksBuildPhase;
			buildActionMask = 2147483647;
			files = (
			);
			runOnlyForDeploymentPostprocessing = 0;
		};
/* End PBXFrameworksBuildPhase section */

/* Begin PBXGroup section */
		C4A4E44D283A94C2001CA060 /* xcconfigs */ = {
			isa = PBXGroup;
			children = (
				C4A4E461283A9545001CA060 /* Lint */,
				C4A4E460283A953B001CA060 /* Log */,
				C4A4E462283A954F001CA060 /* Project */,
				C4A4E463283A9557001CA060 /* Tests */,
			);
			path = xcconfigs;
			sourceTree = "<group>";
		};
		C4A4E460283A953B001CA060 /* Log */ = {
			isa = PBXGroup;
			children = (
				C4A4E456283A94C2001CA060 /* Log-(iOS)-Debug.xcconfig */,
				C4A4E44E283A94C2001CA060 /* Log-(iOS)-Release.xcconfig */,
				C4A4E44F283A94C2001CA060 /* Log-(iOS)-Shared.xcconfig */,
				C4A4E45D283A94C2001CA060 /* Log-(macOS)-Debug.xcconfig */,
				C4A4E45A283A94C2001CA060 /* Log-(macOS)-Release.xcconfig */,
				C4A4E455283A94C2001CA060 /* Log-(macOS)-Shared.xcconfig */,
			);
			path = Log;
			sourceTree = "<group>";
		};
		C4A4E461283A9545001CA060 /* Lint */ = {
			isa = PBXGroup;
			children = (
				C4A4E450283A94C2001CA060 /* Lint-Debug.xcconfig */,
				C4A4E45C283A94C2001CA060 /* Lint-Release.xcconfig */,
				C4A4E45B283A94C2001CA060 /* Lint-Shared.xcconfig */,
			);
			path = Lint;
			sourceTree = "<group>";
		};
		C4A4E462283A954F001CA060 /* Project */ = {
			isa = PBXGroup;
			children = (
				C4A4E45E283A94C2001CA060 /* Project-Debug.xcconfig */,
				C4A4E453283A94C2001CA060 /* Project-Release.xcconfig */,
				C4A4E458283A94C2001CA060 /* Project-Shared.xcconfig */,
			);
			path = Project;
			sourceTree = "<group>";
		};
		C4A4E463283A9557001CA060 /* Tests */ = {
			isa = PBXGroup;
			children = (
				C4A4E459283A94C2001CA060 /* Tests-iOS-Debug.xcconfig */,
				C4A4E451283A94C2001CA060 /* Tests-iOS-Release.xcconfig */,
				C4A4E457283A94C2001CA060 /* Tests-iOS-Shared.xcconfig */,
				C4A4E45F283A94C2001CA060 /* Tests-macOS-Debug.xcconfig */,
				C4A4E452283A94C2001CA060 /* Tests-macOS-Release.xcconfig */,
				C4A4E454283A94C2001CA060 /* Tests-macOS-Shared.xcconfig */,
			);
			path = Tests;
			sourceTree = "<group>";
		};
		E209BBBD281EF4D300C9FB93 /* DevResources */ = {
			isa = PBXGroup;
			children = (
			);
			path = DevResources;
			sourceTree = "<group>";
		};
		E25E251227C23E1D00A0CCDA = {
			isa = PBXGroup;
			children = (
				C4A4E44D283A94C2001CA060 /* xcconfigs */,
				E25E251727C23E1D00A0CCDA /* Shared */,
				E25E255527C2406900A0CCDA /* iOS */,
				E25E252627C23E1E00A0CCDA /* macOS */,
				E209BBBD281EF4D300C9FB93 /* DevResources */,
				E25E252F27C23E1E00A0CCDA /* Tests iOS */,
				E25E253B27C23E1E00A0CCDA /* Tests macOS */,
				E25E252027C23E1E00A0CCDA /* Products */,
			);
			sourceTree = "<group>";
		};
		E25E251727C23E1D00A0CCDA /* Shared */ = {
			isa = PBXGroup;
			children = (
				E25E251827C23E1D00A0CCDA /* LogApp.swift */,
				E25E251927C23E1D00A0CCDA /* ContentView.swift */,
				E25E251A27C23E1E00A0CCDA /* Assets.xcassets */,
			);
			path = Shared;
			sourceTree = "<group>";
		};
		E25E252027C23E1E00A0CCDA /* Products */ = {
			isa = PBXGroup;
			children = (
				E25E251F27C23E1E00A0CCDA /* Log.app */,
				E25E252527C23E1E00A0CCDA /* Log.app */,
				E25E252C27C23E1E00A0CCDA /* Tests iOS.xctest */,
				E25E253827C23E1E00A0CCDA /* Tests macOS.xctest */,
			);
			name = Products;
			sourceTree = "<group>";
		};
		E25E252627C23E1E00A0CCDA /* macOS */ = {
			isa = PBXGroup;
			children = (
				E25E255627C2415200A0CCDA /* macOS-Info.plist */,
				E25E252727C23E1E00A0CCDA /* macOS.entitlements */,
			);
			path = macOS;
			sourceTree = "<group>";
		};
		E25E252F27C23E1E00A0CCDA /* Tests iOS */ = {
			isa = PBXGroup;
			children = (
				C4A4E464283A9E16001CA060 /* Log-iOS.xctestplan */,
				C4A4E465283A9E65001CA060 /* LogIOSTests.swift */,
			);
			path = "Tests iOS";
			sourceTree = "<group>";
		};
		E25E253B27C23E1E00A0CCDA /* Tests macOS */ = {
			isa = PBXGroup;
			children = (
				C4A4E469283A9EAF001CA060 /* Log-macOS.xctestplan */,
				C4A4E467283A9E83001CA060 /* LogMACOSTests.swift */,
			);
			path = "Tests macOS";
			sourceTree = "<group>";
		};
		E25E255527C2406900A0CCDA /* iOS */ = {
			isa = PBXGroup;
			children = (
				E25E255427C23FF500A0CCDA /* iOS-Info.plist */,
			);
			path = iOS;
			sourceTree = "<group>";
		};
/* End PBXGroup section */

/* Begin PBXLegacyTarget section */
		E25E255727C248BB00A0CCDA /* Lint */ = {
			isa = PBXLegacyTarget;
			buildArgumentsString = "";
			buildConfigurationList = E25E255827C248BB00A0CCDA /* Build configuration list for PBXLegacyTarget "Lint" */;
			buildPhases = (
			);
			buildToolPath = ./scripts/lint.sh;
			buildWorkingDirectory = ../../;
			dependencies = (
			);
			name = Lint;
			passBuildSettingsInEnvironment = 1;
			productName = Lint;
		};
/* End PBXLegacyTarget section */

/* Begin PBXNativeTarget section */
		E25E251E27C23E1E00A0CCDA /* Log (iOS) */ = {
			isa = PBXNativeTarget;
			buildConfigurationList = E25E254827C23E1E00A0CCDA /* Build configuration list for PBXNativeTarget "Log (iOS)" */;
			buildPhases = (
				E25E251B27C23E1E00A0CCDA /* Sources */,
				E25E251C27C23E1E00A0CCDA /* Frameworks */,
				E25E251D27C23E1E00A0CCDA /* Resources */,
			);
			buildRules = (
			);
			dependencies = (
			);
			name = "Log (iOS)";
			productName = "Log (iOS)";
			productReference = E25E251F27C23E1E00A0CCDA /* Log.app */;
			productType = "com.apple.product-type.application";
		};
		E25E252427C23E1E00A0CCDA /* Log (macOS) */ = {
			isa = PBXNativeTarget;
			buildConfigurationList = E25E254B27C23E1E00A0CCDA /* Build configuration list for PBXNativeTarget "Log (macOS)" */;
			buildPhases = (
				E25E252127C23E1E00A0CCDA /* Sources */,
				E25E252227C23E1E00A0CCDA /* Frameworks */,
				E25E252327C23E1E00A0CCDA /* Resources */,
			);
			buildRules = (
			);
			dependencies = (
			);
			name = "Log (macOS)";
			productName = "Log (macOS)";
			productReference = E25E252527C23E1E00A0CCDA /* Log.app */;
			productType = "com.apple.product-type.application";
		};
		E25E252B27C23E1E00A0CCDA /* Tests iOS */ = {
			isa = PBXNativeTarget;
			buildConfigurationList = E25E254E27C23E1E00A0CCDA /* Build configuration list for PBXNativeTarget "Tests iOS" */;
			buildPhases = (
				E25E252827C23E1E00A0CCDA /* Sources */,
				E25E252927C23E1E00A0CCDA /* Frameworks */,
				E25E252A27C23E1E00A0CCDA /* Resources */,
			);
			buildRules = (
			);
			dependencies = (
				E25E252E27C23E1E00A0CCDA /* PBXTargetDependency */,
			);
			name = "Tests iOS";
			productName = "Tests iOS";
			productReference = E25E252C27C23E1E00A0CCDA /* Tests iOS.xctest */;
			productType = "com.apple.product-type.bundle.ui-testing";
		};
		E25E253727C23E1E00A0CCDA /* Tests macOS */ = {
			isa = PBXNativeTarget;
			buildConfigurationList = E25E255127C23E1E00A0CCDA /* Build configuration list for PBXNativeTarget "Tests macOS" */;
			buildPhases = (
				E25E253427C23E1E00A0CCDA /* Sources */,
				E25E253527C23E1E00A0CCDA /* Frameworks */,
				E25E253627C23E1E00A0CCDA /* Resources */,
			);
			buildRules = (
			);
			dependencies = (
				E25E253A27C23E1E00A0CCDA /* PBXTargetDependency */,
			);
			name = "Tests macOS";
			productName = "Tests macOS";
			productReference = E25E253827C23E1E00A0CCDA /* Tests macOS.xctest */;
			productType = "com.apple.product-type.bundle.ui-testing";
		};
/* End PBXNativeTarget section */

/* Begin PBXProject section */
		E25E251327C23E1D00A0CCDA /* Project object */ = {
			isa = PBXProject;
			attributes = {
				BuildIndependentTargetsInParallel = 1;
				LastSwiftUpdateCheck = 1320;
				LastUpgradeCheck = 1330;
				TargetAttributes = {
					E25E251E27C23E1E00A0CCDA = {
						CreatedOnToolsVersion = 13.2.1;
					};
					E25E252427C23E1E00A0CCDA = {
						CreatedOnToolsVersion = 13.2.1;
					};
					E25E252B27C23E1E00A0CCDA = {
						CreatedOnToolsVersion = 13.2.1;
						TestTargetID = E25E251E27C23E1E00A0CCDA;
					};
					E25E253727C23E1E00A0CCDA = {
						CreatedOnToolsVersion = 13.2.1;
						TestTargetID = E25E252427C23E1E00A0CCDA;
					};
					E25E255727C248BB00A0CCDA = {
						CreatedOnToolsVersion = 13.2.1;
					};
				};
			};
			buildConfigurationList = E25E251627C23E1D00A0CCDA /* Build configuration list for PBXProject "Log" */;
			compatibilityVersion = "Xcode 13.0";
			developmentRegion = en;
			hasScannedForEncodings = 0;
			knownRegions = (
				en,
				Base,
			);
			mainGroup = E25E251227C23E1D00A0CCDA;
			productRefGroup = E25E252027C23E1E00A0CCDA /* Products */;
			projectDirPath = "";
			projectRoot = "";
			targets = (
				E25E251E27C23E1E00A0CCDA /* Log (iOS) */,
				E25E252427C23E1E00A0CCDA /* Log (macOS) */,
				E25E252B27C23E1E00A0CCDA /* Tests iOS */,
				E25E253727C23E1E00A0CCDA /* Tests macOS */,
				E25E255727C248BB00A0CCDA /* Lint */,
			);
		};
/* End PBXProject section */

/* Begin PBXResourcesBuildPhase section */
		E25E251D27C23E1E00A0CCDA /* Resources */ = {
			isa = PBXResourcesBuildPhase;
			buildActionMask = 2147483647;
			files = (
				E25E254427C23E1E00A0CCDA /* Assets.xcassets in Resources */,
			);
			runOnlyForDeploymentPostprocessing = 0;
		};
		E25E252327C23E1E00A0CCDA /* Resources */ = {
			isa = PBXResourcesBuildPhase;
			buildActionMask = 2147483647;
			files = (
				E25E254527C23E1E00A0CCDA /* Assets.xcassets in Resources */,
			);
			runOnlyForDeploymentPostprocessing = 0;
		};
		E25E252A27C23E1E00A0CCDA /* Resources */ = {
			isa = PBXResourcesBuildPhase;
			buildActionMask = 2147483647;
			files = (
			);
			runOnlyForDeploymentPostprocessing = 0;
		};
		E25E253627C23E1E00A0CCDA /* Resources */ = {
			isa = PBXResourcesBuildPhase;
			buildActionMask = 2147483647;
			files = (
			);
			runOnlyForDeploymentPostprocessing = 0;
		};
/* End PBXResourcesBuildPhase section */

/* Begin PBXSourcesBuildPhase section */
		E25E251B27C23E1E00A0CCDA /* Sources */ = {
			isa = PBXSourcesBuildPhase;
			buildActionMask = 2147483647;
			files = (
				E25E254227C23E1E00A0CCDA /* ContentView.swift in Sources */,
				E25E254027C23E1E00A0CCDA /* LogApp.swift in Sources */,
			);
			runOnlyForDeploymentPostprocessing = 0;
		};
		E25E252127C23E1E00A0CCDA /* Sources */ = {
			isa = PBXSourcesBuildPhase;
			buildActionMask = 2147483647;
			files = (
				E25E254327C23E1E00A0CCDA /* ContentView.swift in Sources */,
				E25E254127C23E1E00A0CCDA /* LogApp.swift in Sources */,
			);
			runOnlyForDeploymentPostprocessing = 0;
		};
		E25E252827C23E1E00A0CCDA /* Sources */ = {
			isa = PBXSourcesBuildPhase;
			buildActionMask = 2147483647;
			files = (
				C4A4E466283A9E65001CA060 /* LogIOSTests.swift in Sources */,
			);
			runOnlyForDeploymentPostprocessing = 0;
		};
		E25E253427C23E1E00A0CCDA /* Sources */ = {
			isa = PBXSourcesBuildPhase;
			buildActionMask = 2147483647;
			files = (
				C4A4E468283A9E83001CA060 /* LogMACOSTests.swift in Sources */,
			);
			runOnlyForDeploymentPostprocessing = 0;
		};
/* End PBXSourcesBuildPhase section */

/* Begin PBXTargetDependency section */
		E25E252E27C23E1E00A0CCDA /* PBXTargetDependency */ = {
			isa = PBXTargetDependency;
			target = E25E251E27C23E1E00A0CCDA /* Log (iOS) */;
			targetProxy = E25E252D27C23E1E00A0CCDA /* PBXContainerItemProxy */;
		};
		E25E253A27C23E1E00A0CCDA /* PBXTargetDependency */ = {
			isa = PBXTargetDependency;
			target = E25E252427C23E1E00A0CCDA /* Log (macOS) */;
			targetProxy = E25E253927C23E1E00A0CCDA /* PBXContainerItemProxy */;
		};
/* End PBXTargetDependency section */

/* Begin XCBuildConfiguration section */
		E25E254627C23E1E00A0CCDA /* Debug */ = {
			isa = XCBuildConfiguration;
			baseConfigurationReference = C4A4E45E283A94C2001CA060 /* Project-Debug.xcconfig */;
			buildSettings = {
			};
			name = Debug;
		};
		E25E254727C23E1E00A0CCDA /* Release */ = {
			isa = XCBuildConfiguration;
			baseConfigurationReference = C4A4E453283A94C2001CA060 /* Project-Release.xcconfig */;
			buildSettings = {
			};
			name = Release;
		};
		E25E254927C23E1E00A0CCDA /* Debug */ = {
			isa = XCBuildConfiguration;
			baseConfigurationReference = C4A4E456283A94C2001CA060 /* Log-(iOS)-Debug.xcconfig */;
			buildSettings = {
			};
			name = Debug;
		};
		E25E254A27C23E1E00A0CCDA /* Release */ = {
			isa = XCBuildConfiguration;
			baseConfigurationReference = C4A4E44E283A94C2001CA060 /* Log-(iOS)-Release.xcconfig */;
			buildSettings = {
			};
			name = Release;
		};
		E25E254C27C23E1E00A0CCDA /* Debug */ = {
			isa = XCBuildConfiguration;
			baseConfigurationReference = C4A4E45D283A94C2001CA060 /* Log-(macOS)-Debug.xcconfig */;
			buildSettings = {
			};
			name = Debug;
		};
		E25E254D27C23E1E00A0CCDA /* Release */ = {
			isa = XCBuildConfiguration;
			baseConfigurationReference = C4A4E45A283A94C2001CA060 /* Log-(macOS)-Release.xcconfig */;
			buildSettings = {
			};
			name = Release;
		};
		E25E254F27C23E1E00A0CCDA /* Debug */ = {
			isa = XCBuildConfiguration;
			baseConfigurationReference = C4A4E459283A94C2001CA060 /* Tests-iOS-Debug.xcconfig */;
			buildSettings = {
			};
			name = Debug;
		};
		E25E255027C23E1E00A0CCDA /* Release */ = {
			isa = XCBuildConfiguration;
			baseConfigurationReference = C4A4E451283A94C2001CA060 /* Tests-iOS-Release.xcconfig */;
			buildSettings = {
			};
			name = Release;
		};
		E25E255227C23E1E00A0CCDA /* Debug */ = {
			isa = XCBuildConfiguration;
			baseConfigurationReference = C4A4E45F283A94C2001CA060 /* Tests-macOS-Debug.xcconfig */;
			buildSettings = {
			};
			name = Debug;
		};
		E25E255327C23E1E00A0CCDA /* Release */ = {
			isa = XCBuildConfiguration;
			baseConfigurationReference = C4A4E452283A94C2001CA060 /* Tests-macOS-Release.xcconfig */;
			buildSettings = {
			};
			name = Release;
		};
		E25E255927C248BB00A0CCDA /* Debug */ = {
			isa = XCBuildConfiguration;
			baseConfigurationReference = C4A4E450283A94C2001CA060 /* Lint-Debug.xcconfig */;
			buildSettings = {
			};
			name = Debug;
		};
		E25E255A27C248BB00A0CCDA /* Release */ = {
			isa = XCBuildConfiguration;
			baseConfigurationReference = C4A4E45C283A94C2001CA060 /* Lint-Release.xcconfig */;
			buildSettings = {
			};
			name = Release;
		};
/* End XCBuildConfiguration section */

/* Begin XCConfigurationList section */
		E25E251627C23E1D00A0CCDA /* Build configuration list for PBXProject "Log" */ = {
			isa = XCConfigurationList;
			buildConfigurations = (
				E25E254627C23E1E00A0CCDA /* Debug */,
				E25E254727C23E1E00A0CCDA /* Release */,
			);
			defaultConfigurationIsVisible = 0;
			defaultConfigurationName = Release;
		};
		E25E254827C23E1E00A0CCDA /* Build configuration list for PBXNativeTarget "Log (iOS)" */ = {
			isa = XCConfigurationList;
			buildConfigurations = (
				E25E254927C23E1E00A0CCDA /* Debug */,
				E25E254A27C23E1E00A0CCDA /* Release */,
			);
			defaultConfigurationIsVisible = 0;
			defaultConfigurationName = Release;
		};
		E25E254B27C23E1E00A0CCDA /* Build configuration list for PBXNativeTarget "Log (macOS)" */ = {
			isa = XCConfigurationList;
			buildConfigurations = (
				E25E254C27C23E1E00A0CCDA /* Debug */,
				E25E254D27C23E1E00A0CCDA /* Release */,
			);
			defaultConfigurationIsVisible = 0;
			defaultConfigurationName = Release;
		};
		E25E254E27C23E1E00A0CCDA /* Build configuration list for PBXNativeTarget "Tests iOS" */ = {
			isa = XCConfigurationList;
			buildConfigurations = (
				E25E254F27C23E1E00A0CCDA /* Debug */,
				E25E255027C23E1E00A0CCDA /* Release */,
			);
			defaultConfigurationIsVisible = 0;
			defaultConfigurationName = Release;
		};
		E25E255127C23E1E00A0CCDA /* Build configuration list for PBXNativeTarget "Tests macOS" */ = {
			isa = XCConfigurationList;
			buildConfigurations = (
				E25E255227C23E1E00A0CCDA /* Debug */,
				E25E255327C23E1E00A0CCDA /* Release */,
			);
			defaultConfigurationIsVisible = 0;
			defaultConfigurationName = Release;
		};
		E25E255827C248BB00A0CCDA /* Build configuration list for PBXLegacyTarget "Lint" */ = {
			isa = XCConfigurationList;
			buildConfigurations = (
				E25E255927C248BB00A0CCDA /* Debug */,
				E25E255A27C248BB00A0CCDA /* Release */,
			);
			defaultConfigurationIsVisible = 0;
			defaultConfigurationName = Release;
		};
/* End XCConfigurationList section */
	};
	rootObject = E25E251327C23E1D00A0CCDA /* Project object */;
}
